// !$*UTF8*$!
{
	archiveVersion = 1;
	classes = {
	};
	objectVersion = 46;
	objects = {

/* Begin PBXBuildFile section */
		81059ABB1EFBCB5D001DDE46 /* SPNavigationController.swift in Sources */ = {isa = PBXBuildFile; fileRef = 81059ABA1EFBCB5D001DDE46 /* SPNavigationController.swift */; };
		81059ABD1EFBCB7F001DDE46 /* SPBaseViewController.swift in Sources */ = {isa = PBXBuildFile; fileRef = 81059ABC1EFBCB7F001DDE46 /* SPBaseViewController.swift */; };
		81059AD81EFCC243001DDE46 /* NSArray+Log.m in Sources */ = {isa = PBXBuildFile; fileRef = 81059AC11EFCC242001DDE46 /* NSArray+Log.m */; };
		81059AD91EFCC243001DDE46 /* NSAttributedString+CZAdditon.m in Sources */ = {isa = PBXBuildFile; fileRef = 81059AC31EFCC242001DDE46 /* NSAttributedString+CZAdditon.m */; };
		81059ADA1EFCC243001DDE46 /* NSObject+CZRuntime.m in Sources */ = {isa = PBXBuildFile; fileRef = 81059AC51EFCC242001DDE46 /* NSObject+CZRuntime.m */; };
		81059ADB1EFCC243001DDE46 /* NSString+CZBase64.m in Sources */ = {isa = PBXBuildFile; fileRef = 81059AC71EFCC242001DDE46 /* NSString+CZBase64.m */; };
		81059ADC1EFCC243001DDE46 /* NSString+CZHash.m in Sources */ = {isa = PBXBuildFile; fileRef = 81059AC91EFCC242001DDE46 /* NSString+CZHash.m */; };
		81059ADD1EFCC243001DDE46 /* NSString+CZPath.m in Sources */ = {isa = PBXBuildFile; fileRef = 81059ACB1EFCC242001DDE46 /* NSString+CZPath.m */; };
		81059ADE1EFCC243001DDE46 /* UIButton+CZAddition.m in Sources */ = {isa = PBXBuildFile; fileRef = 81059ACD1EFCC242001DDE46 /* UIButton+CZAddition.m */; };
		81059ADF1EFCC243001DDE46 /* UIColor+CZAddition.m in Sources */ = {isa = PBXBuildFile; fileRef = 81059ACF1EFCC242001DDE46 /* UIColor+CZAddition.m */; };
		81059AE01EFCC243001DDE46 /* UILabel+CZAddition.m in Sources */ = {isa = PBXBuildFile; fileRef = 81059AD11EFCC242001DDE46 /* UILabel+CZAddition.m */; };
		81059AE11EFCC243001DDE46 /* UIScreen+CZAddition.m in Sources */ = {isa = PBXBuildFile; fileRef = 81059AD31EFCC242001DDE46 /* UIScreen+CZAddition.m */; };
		81059AE21EFCC243001DDE46 /* UIView+CZAddition.m in Sources */ = {isa = PBXBuildFile; fileRef = 81059AD51EFCC243001DDE46 /* UIView+CZAddition.m */; };
		81059AE31EFCC243001DDE46 /* UIViewController+CZAddition.m in Sources */ = {isa = PBXBuildFile; fileRef = 81059AD71EFCC243001DDE46 /* UIViewController+CZAddition.m */; };
		81059AE61EFCC3C8001DDE46 /* SPHomeViewController.swift in Sources */ = {isa = PBXBuildFile; fileRef = 81059AE51EFCC3C8001DDE46 /* SPHomeViewController.swift */; };
		81059AE81EFCC3DA001DDE46 /* SPMessageViewController.swift in Sources */ = {isa = PBXBuildFile; fileRef = 81059AE71EFCC3DA001DDE46 /* SPMessageViewController.swift */; };
		81059AEA1EFCC3EB001DDE46 /* SPDiscoverViewController.swift in Sources */ = {isa = PBXBuildFile; fileRef = 81059AE91EFCC3EB001DDE46 /* SPDiscoverViewController.swift */; };
		81059AEC1EFCC3FB001DDE46 /* SPProfileViewController.swift in Sources */ = {isa = PBXBuildFile; fileRef = 81059AEB1EFCC3FB001DDE46 /* SPProfileViewController.swift */; };
		81059AEF1EFCC7D3001DDE46 /* Bundle-Extensions.swift in Sources */ = {isa = PBXBuildFile; fileRef = 81059AEE1EFCC7D3001DDE46 /* Bundle-Extensions.swift */; };
		81EE02A11EFBC3BA00E26E55 /* AppDelegate.swift in Sources */ = {isa = PBXBuildFile; fileRef = 81EE02A01EFBC3BA00E26E55 /* AppDelegate.swift */; };
		81EE02A81EFBC3BA00E26E55 /* Assets.xcassets in Resources */ = {isa = PBXBuildFile; fileRef = 81EE02A71EFBC3BA00E26E55 /* Assets.xcassets */; };
		81EE02BF1EFBC96D00E26E55 /* SPMainViewController.swift in Sources */ = {isa = PBXBuildFile; fileRef = 81EE02BE1EFBC96D00E26E55 /* SPMainViewController.swift */; };
/* End PBXBuildFile section */

/* Begin PBXFileReference section */
		81059ABA1EFBCB5D001DDE46 /* SPNavigationController.swift */ = {isa = PBXFileReference; fileEncoding = 4; lastKnownFileType = sourcecode.swift; path = SPNavigationController.swift; sourceTree = "<group>"; };
		81059ABC1EFBCB7F001DDE46 /* SPBaseViewController.swift */ = {isa = PBXFileReference; fileEncoding = 4; lastKnownFileType = sourcecode.swift; path = SPBaseViewController.swift; sourceTree = "<group>"; };
		81059ABF1EFCC242001DDE46 /* CZAdditions.h */ = {isa = PBXFileReference; fileEncoding = 4; lastKnownFileType = sourcecode.c.h; path = CZAdditions.h; sourceTree = "<group>"; };
		81059AC01EFCC242001DDE46 /* NSArray+Log.h */ = {isa = PBXFileReference; fileEncoding = 4; lastKnownFileType = sourcecode.c.h; path = "NSArray+Log.h"; sourceTree = "<group>"; };
		81059AC11EFCC242001DDE46 /* NSArray+Log.m */ = {isa = PBXFileReference; fileEncoding = 4; lastKnownFileType = sourcecode.c.objc; path = "NSArray+Log.m"; sourceTree = "<group>"; };
		81059AC21EFCC242001DDE46 /* NSAttributedString+CZAdditon.h */ = {isa = PBXFileReference; fileEncoding = 4; lastKnownFileType = sourcecode.c.h; path = "NSAttributedString+CZAdditon.h"; sourceTree = "<group>"; };
		81059AC31EFCC242001DDE46 /* NSAttributedString+CZAdditon.m */ = {isa = PBXFileReference; fileEncoding = 4; lastKnownFileType = sourcecode.c.objc; path = "NSAttributedString+CZAdditon.m"; sourceTree = "<group>"; };
		81059AC41EFCC242001DDE46 /* NSObject+CZRuntime.h */ = {isa = PBXFileReference; fileEncoding = 4; lastKnownFileType = sourcecode.c.h; path = "NSObject+CZRuntime.h"; sourceTree = "<group>"; };
		81059AC51EFCC242001DDE46 /* NSObject+CZRuntime.m */ = {isa = PBXFileReference; fileEncoding = 4; lastKnownFileType = sourcecode.c.objc; path = "NSObject+CZRuntime.m"; sourceTree = "<group>"; };
		81059AC61EFCC242001DDE46 /* NSString+CZBase64.h */ = {isa = PBXFileReference; fileEncoding = 4; lastKnownFileType = sourcecode.c.h; path = "NSString+CZBase64.h"; sourceTree = "<group>"; };
		81059AC71EFCC242001DDE46 /* NSString+CZBase64.m */ = {isa = PBXFileReference; fileEncoding = 4; lastKnownFileType = sourcecode.c.objc; path = "NSString+CZBase64.m"; sourceTree = "<group>"; };
		81059AC81EFCC242001DDE46 /* NSString+CZHash.h */ = {isa = PBXFileReference; fileEncoding = 4; lastKnownFileType = sourcecode.c.h; path = "NSString+CZHash.h"; sourceTree = "<group>"; };
		81059AC91EFCC242001DDE46 /* NSString+CZHash.m */ = {isa = PBXFileReference; fileEncoding = 4; lastKnownFileType = sourcecode.c.objc; path = "NSString+CZHash.m"; sourceTree = "<group>"; };
		81059ACA1EFCC242001DDE46 /* NSString+CZPath.h */ = {isa = PBXFileReference; fileEncoding = 4; lastKnownFileType = sourcecode.c.h; path = "NSString+CZPath.h"; sourceTree = "<group>"; };
		81059ACB1EFCC242001DDE46 /* NSString+CZPath.m */ = {isa = PBXFileReference; fileEncoding = 4; lastKnownFileType = sourcecode.c.objc; path = "NSString+CZPath.m"; sourceTree = "<group>"; };
		81059ACC1EFCC242001DDE46 /* UIButton+CZAddition.h */ = {isa = PBXFileReference; fileEncoding = 4; lastKnownFileType = sourcecode.c.h; path = "UIButton+CZAddition.h"; sourceTree = "<group>"; };
		81059ACD1EFCC242001DDE46 /* UIButton+CZAddition.m */ = {isa = PBXFileReference; fileEncoding = 4; lastKnownFileType = sourcecode.c.objc; path = "UIButton+CZAddition.m"; sourceTree = "<group>"; };
		81059ACE1EFCC242001DDE46 /* UIColor+CZAddition.h */ = {isa = PBXFileReference; fileEncoding = 4; lastKnownFileType = sourcecode.c.h; path = "UIColor+CZAddition.h"; sourceTree = "<group>"; };
		81059ACF1EFCC242001DDE46 /* UIColor+CZAddition.m */ = {isa = PBXFileReference; fileEncoding = 4; lastKnownFileType = sourcecode.c.objc; path = "UIColor+CZAddition.m"; sourceTree = "<group>"; };
		81059AD01EFCC242001DDE46 /* UILabel+CZAddition.h */ = {isa = PBXFileReference; fileEncoding = 4; lastKnownFileType = sourcecode.c.h; path = "UILabel+CZAddition.h"; sourceTree = "<group>"; };
		81059AD11EFCC242001DDE46 /* UILabel+CZAddition.m */ = {isa = PBXFileReference; fileEncoding = 4; lastKnownFileType = sourcecode.c.objc; path = "UILabel+CZAddition.m"; sourceTree = "<group>"; };
		81059AD21EFCC242001DDE46 /* UIScreen+CZAddition.h */ = {isa = PBXFileReference; fileEncoding = 4; lastKnownFileType = sourcecode.c.h; path = "UIScreen+CZAddition.h"; sourceTree = "<group>"; };
		81059AD31EFCC242001DDE46 /* UIScreen+CZAddition.m */ = {isa = PBXFileReference; fileEncoding = 4; lastKnownFileType = sourcecode.c.objc; path = "UIScreen+CZAddition.m"; sourceTree = "<group>"; };
		81059AD41EFCC242001DDE46 /* UIView+CZAddition.h */ = {isa = PBXFileReference; fileEncoding = 4; lastKnownFileType = sourcecode.c.h; path = "UIView+CZAddition.h"; sourceTree = "<group>"; };
		81059AD51EFCC243001DDE46 /* UIView+CZAddition.m */ = {isa = PBXFileReference; fileEncoding = 4; lastKnownFileType = sourcecode.c.objc; path = "UIView+CZAddition.m"; sourceTree = "<group>"; };
		81059AD61EFCC243001DDE46 /* UIViewController+CZAddition.h */ = {isa = PBXFileReference; fileEncoding = 4; lastKnownFileType = sourcecode.c.h; path = "UIViewController+CZAddition.h"; sourceTree = "<group>"; };
		81059AD71EFCC243001DDE46 /* UIViewController+CZAddition.m */ = {isa = PBXFileReference; fileEncoding = 4; lastKnownFileType = sourcecode.c.objc; path = "UIViewController+CZAddition.m"; sourceTree = "<group>"; };
		81059AE41EFCC2A5001DDE46 /* Webo-Bridge.h */ = {isa = PBXFileReference; fileEncoding = 4; lastKnownFileType = sourcecode.c.h; path = "Webo-Bridge.h"; sourceTree = "<group>"; };
		81059AE51EFCC3C8001DDE46 /* SPHomeViewController.swift */ = {isa = PBXFileReference; fileEncoding = 4; lastKnownFileType = sourcecode.swift; path = SPHomeViewController.swift; sourceTree = "<group>"; };
		81059AE71EFCC3DA001DDE46 /* SPMessageViewController.swift */ = {isa = PBXFileReference; fileEncoding = 4; lastKnownFileType = sourcecode.swift; path = SPMessageViewController.swift; sourceTree = "<group>"; };
		81059AE91EFCC3EB001DDE46 /* SPDiscoverViewController.swift */ = {isa = PBXFileReference; fileEncoding = 4; lastKnownFileType = sourcecode.swift; path = SPDiscoverViewController.swift; sourceTree = "<group>"; };
		81059AEB1EFCC3FB001DDE46 /* SPProfileViewController.swift */ = {isa = PBXFileReference; fileEncoding = 4; lastKnownFileType = sourcecode.swift; path = SPProfileViewController.swift; sourceTree = "<group>"; };
		81059AEE1EFCC7D3001DDE46 /* Bundle-Extensions.swift */ = {isa = PBXFileReference; fileEncoding = 4; lastKnownFileType = sourcecode.swift; path = "Bundle-Extensions.swift"; sourceTree = "<group>"; };
		81EE029D1EFBC3BA00E26E55 /* SimpleSinaWebo.app */ = {isa = PBXFileReference; explicitFileType = wrapper.application; includeInIndex = 0; path = SimpleSinaWebo.app; sourceTree = BUILT_PRODUCTS_DIR; };
		81EE02A01EFBC3BA00E26E55 /* AppDelegate.swift */ = {isa = PBXFileReference; lastKnownFileType = sourcecode.swift; path = AppDelegate.swift; sourceTree = "<group>"; };
		81EE02A71EFBC3BA00E26E55 /* Assets.xcassets */ = {isa = PBXFileReference; lastKnownFileType = folder.assetcatalog; path = Assets.xcassets; sourceTree = "<group>"; };
		81EE02AC1EFBC3BA00E26E55 /* Info.plist */ = {isa = PBXFileReference; lastKnownFileType = text.plist.xml; path = Info.plist; sourceTree = "<group>"; };
		81EE02BE1EFBC96D00E26E55 /* SPMainViewController.swift */ = {isa = PBXFileReference; fileEncoding = 4; lastKnownFileType = sourcecode.swift; path = SPMainViewController.swift; sourceTree = "<group>"; };
/* End PBXFileReference section */

/* Begin PBXFrameworksBuildPhase section */
		81EE029A1EFBC3BA00E26E55 /* Frameworks */ = {
			isa = PBXFrameworksBuildPhase;
			buildActionMask = 2147483647;
			files = (
			);
			runOnlyForDeploymentPostprocessing = 0;
		};
/* End PBXFrameworksBuildPhase section */

/* Begin PBXGroup section */
		81059ABE1EFCC242001DDE46 /* Additions */ = {
			isa = PBXGroup;
			children = (
				81059ABF1EFCC242001DDE46 /* CZAdditions.h */,
				81059AC01EFCC242001DDE46 /* NSArray+Log.h */,
				81059AC11EFCC242001DDE46 /* NSArray+Log.m */,
				81059AC21EFCC242001DDE46 /* NSAttributedString+CZAdditon.h */,
				81059AC31EFCC242001DDE46 /* NSAttributedString+CZAdditon.m */,
				81059AC41EFCC242001DDE46 /* NSObject+CZRuntime.h */,
				81059AC51EFCC242001DDE46 /* NSObject+CZRuntime.m */,
				81059AC61EFCC242001DDE46 /* NSString+CZBase64.h */,
				81059AC71EFCC242001DDE46 /* NSString+CZBase64.m */,
				81059AC81EFCC242001DDE46 /* NSString+CZHash.h */,
				81059AC91EFCC242001DDE46 /* NSString+CZHash.m */,
				81059ACA1EFCC242001DDE46 /* NSString+CZPath.h */,
				81059ACB1EFCC242001DDE46 /* NSString+CZPath.m */,
				81059ACC1EFCC242001DDE46 /* UIButton+CZAddition.h */,
				81059ACD1EFCC242001DDE46 /* UIButton+CZAddition.m */,
				81059ACE1EFCC242001DDE46 /* UIColor+CZAddition.h */,
				81059ACF1EFCC242001DDE46 /* UIColor+CZAddition.m */,
				81059AD01EFCC242001DDE46 /* UILabel+CZAddition.h */,
				81059AD11EFCC242001DDE46 /* UILabel+CZAddition.m */,
				81059AD21EFCC242001DDE46 /* UIScreen+CZAddition.h */,
				81059AD31EFCC242001DDE46 /* UIScreen+CZAddition.m */,
				81059AD41EFCC242001DDE46 /* UIView+CZAddition.h */,
				81059AD51EFCC243001DDE46 /* UIView+CZAddition.m */,
				81059AD61EFCC243001DDE46 /* UIViewController+CZAddition.h */,
				81059AD71EFCC243001DDE46 /* UIViewController+CZAddition.m */,
			);
			path = Additions;
			sourceTree = "<group>";
		};
		81059AED1EFCC784001DDE46 /* Extension */ = {
			isa = PBXGroup;
			children = (
				81059AEE1EFCC7D3001DDE46 /* Bundle-Extensions.swift */,
			);
			path = Extension;
			sourceTree = "<group>";
		};
		81EE02941EFBC3BA00E26E55 = {
			isa = PBXGroup;
			children = (
				81EE029F1EFBC3BA00E26E55 /* SimpleSinaWebo */,
				81EE029E1EFBC3BA00E26E55 /* Products */,
			);
			sourceTree = "<group>";
		};
		81EE029E1EFBC3BA00E26E55 /* Products */ = {
			isa = PBXGroup;
			children = (
				81EE029D1EFBC3BA00E26E55 /* SimpleSinaWebo.app */,
			);
			name = Products;
			sourceTree = "<group>";
		};
		81EE029F1EFBC3BA00E26E55 /* SimpleSinaWebo */ = {
			isa = PBXGroup;
			children = (
				81EE02B41EFBC81800E26E55 /* Class */,
				81EE02A01EFBC3BA00E26E55 /* AppDelegate.swift */,
				81059AE41EFCC2A5001DDE46 /* Webo-Bridge.h */,
				81EE02A71EFBC3BA00E26E55 /* Assets.xcassets */,
				81EE02AC1EFBC3BA00E26E55 /* Info.plist */,
			);
			path = SimpleSinaWebo;
			sourceTree = "<group>";
		};
		81EE02B41EFBC81800E26E55 /* Class */ = {
			isa = PBXGroup;
			children = (
				81EE02B61EFBC81800E26E55 /* Tools */,
				81EE02B51EFBC81800E26E55 /* Model */,
				81EE02B71EFBC81800E26E55 /* View */,
				81EE02BD1EFBC81800E26E55 /* ViewModel */,
			);
			path = Class;
			sourceTree = "<group>";
		};
		81EE02B51EFBC81800E26E55 /* Model */ = {
			isa = PBXGroup;
			children = (
			);
			path = Model;
			sourceTree = "<group>";
		};
		81EE02B61EFBC81800E26E55 /* Tools */ = {
			isa = PBXGroup;
			children = (
				81059AED1EFCC784001DDE46 /* Extension */,
				81059ABE1EFCC242001DDE46 /* Additions */,
			);
			path = Tools;
			sourceTree = "<group>";
		};
		81EE02B71EFBC81800E26E55 /* View */ = {
			isa = PBXGroup;
			children = (
				81EE02BA1EFBC81800E26E55 /* Main */,
				81EE02B91EFBC81800E26E55 /* Home */,
				81EE02BB1EFBC81800E26E55 /* Message */,
				81EE02B81EFBC81800E26E55 /* Discover */,
				81EE02BC1EFBC81800E26E55 /* Profile */,
			);
			path = View;
			sourceTree = "<group>";
		};
		81EE02B81EFBC81800E26E55 /* Discover */ = {
			isa = PBXGroup;
			children = (
				81059AE91EFCC3EB001DDE46 /* SPDiscoverViewController.swift */,
			);
			path = Discover;
			sourceTree = "<group>";
		};
		81EE02B91EFBC81800E26E55 /* Home */ = {
			isa = PBXGroup;
			children = (
				81059AE51EFCC3C8001DDE46 /* SPHomeViewController.swift */,
			);
			path = Home;
			sourceTree = "<group>";
		};
		81EE02BA1EFBC81800E26E55 /* Main */ = {
			isa = PBXGroup;
			children = (
				81EE02BE1EFBC96D00E26E55 /* SPMainViewController.swift */,
				81059ABA1EFBCB5D001DDE46 /* SPNavigationController.swift */,
				81059ABC1EFBCB7F001DDE46 /* SPBaseViewController.swift */,
			);
			path = Main;
			sourceTree = "<group>";
		};
		81EE02BB1EFBC81800E26E55 /* Message */ = {
			isa = PBXGroup;
			children = (
				81059AE71EFCC3DA001DDE46 /* SPMessageViewController.swift */,
			);
			path = Message;
			sourceTree = "<group>";
		};
		81EE02BC1EFBC81800E26E55 /* Profile */ = {
			isa = PBXGroup;
			children = (
				81059AEB1EFCC3FB001DDE46 /* SPProfileViewController.swift */,
			);
			path = Profile;
			sourceTree = "<group>";
		};
		81EE02BD1EFBC81800E26E55 /* ViewModel */ = {
			isa = PBXGroup;
			children = (
			);
			path = ViewModel;
			sourceTree = "<group>";
		};
/* End PBXGroup section */

/* Begin PBXNativeTarget section */
		81EE029C1EFBC3BA00E26E55 /* SimpleSinaWebo */ = {
			isa = PBXNativeTarget;
			buildConfigurationList = 81EE02AF1EFBC3BA00E26E55 /* Build configuration list for PBXNativeTarget "SimpleSinaWebo" */;
			buildPhases = (
				81EE02991EFBC3BA00E26E55 /* Sources */,
				81EE029A1EFBC3BA00E26E55 /* Frameworks */,
				81EE029B1EFBC3BA00E26E55 /* Resources */,
			);
			buildRules = (
			);
			dependencies = (
			);
			name = SimpleSinaWebo;
			productName = SimpleSinaWebo;
			productReference = 81EE029D1EFBC3BA00E26E55 /* SimpleSinaWebo.app */;
			productType = "com.apple.product-type.application";
		};
/* End PBXNativeTarget section */

/* Begin PBXProject section */
		81EE02951EFBC3BA00E26E55 /* Project object */ = {
			isa = PBXProject;
			attributes = {
				CLASSPREFIX = SP;
				LastSwiftUpdateCheck = 0830;
				LastUpgradeCheck = 0830;
				ORGANIZATIONNAME = simple;
				TargetAttributes = {
					81EE029C1EFBC3BA00E26E55 = {
						CreatedOnToolsVersion = 8.3.3;
						ProvisioningStyle = Automatic;
					};
				};
			};
			buildConfigurationList = 81EE02981EFBC3BA00E26E55 /* Build configuration list for PBXProject "SimpleSinaWebo" */;
			compatibilityVersion = "Xcode 3.2";
			developmentRegion = English;
			hasScannedForEncodings = 0;
			knownRegions = (
				en,
				Base,
			);
			mainGroup = 81EE02941EFBC3BA00E26E55;
			productRefGroup = 81EE029E1EFBC3BA00E26E55 /* Products */;
			projectDirPath = "";
			projectRoot = "";
			targets = (
				81EE029C1EFBC3BA00E26E55 /* SimpleSinaWebo */,
			);
		};
/* End PBXProject section */

/* Begin PBXResourcesBuildPhase section */
		81EE029B1EFBC3BA00E26E55 /* Resources */ = {
			isa = PBXResourcesBuildPhase;
			buildActionMask = 2147483647;
			files = (
				81EE02A81EFBC3BA00E26E55 /* Assets.xcassets in Resources */,
			);
			runOnlyForDeploymentPostprocessing = 0;
		};
/* End PBXResourcesBuildPhase section */

/* Begin PBXSourcesBuildPhase section */
		81EE02991EFBC3BA00E26E55 /* Sources */ = {
			isa = PBXSourcesBuildPhase;
			buildActionMask = 2147483647;
			files = (
				81059AD81EFCC243001DDE46 /* NSArray+Log.m in Sources */,
				81059ADD1EFCC243001DDE46 /* NSString+CZPath.m in Sources */,
				81059ADC1EFCC243001DDE46 /* NSString+CZHash.m in Sources */,
				81059ABB1EFBCB5D001DDE46 /* SPNavigationController.swift in Sources */,
				81059AE11EFCC243001DDE46 /* UIScreen+CZAddition.m in Sources */,
				81059AE01EFCC243001DDE46 /* UILabel+CZAddition.m in Sources */,
				81059ADE1EFCC243001DDE46 /* UIButton+CZAddition.m in Sources */,
				81059ADA1EFCC243001DDE46 /* NSObject+CZRuntime.m in Sources */,
				81059ADB1EFCC243001DDE46 /* NSString+CZBase64.m in Sources */,
				81059AEF1EFCC7D3001DDE46 /* Bundle-Extensions.swift in Sources */,
				81059AE31EFCC243001DDE46 /* UIViewController+CZAddition.m in Sources */,
				81059AE21EFCC243001DDE46 /* UIView+CZAddition.m in Sources */,
				81059AEC1EFCC3FB001DDE46 /* SPProfileViewController.swift in Sources */,
				81059AD91EFCC243001DDE46 /* NSAttributedString+CZAdditon.m in Sources */,
				81059ADF1EFCC243001DDE46 /* UIColor+CZAddition.m in Sources */,
				81059AE61EFCC3C8001DDE46 /* SPHomeViewController.swift in Sources */,
				81EE02BF1EFBC96D00E26E55 /* SPMainViewController.swift in Sources */,
				81059ABD1EFBCB7F001DDE46 /* SPBaseViewController.swift in Sources */,
				81EE02A11EFBC3BA00E26E55 /* AppDelegate.swift in Sources */,
				81059AE81EFCC3DA001DDE46 /* SPMessageViewController.swift in Sources */,
				81059AEA1EFCC3EB001DDE46 /* SPDiscoverViewController.swift in Sources */,
			);
			runOnlyForDeploymentPostprocessing = 0;
		};
/* End PBXSourcesBuildPhase section */

/* Begin XCBuildConfiguration section */
		81EE02AD1EFBC3BA00E26E55 /* Debug */ = {
			isa = XCBuildConfiguration;
			buildSettings = {
				ALWAYS_SEARCH_USER_PATHS = NO;
				CLANG_ANALYZER_NONNULL = YES;
				CLANG_ANALYZER_NUMBER_OBJECT_CONVERSION = YES_AGGRESSIVE;
				CLANG_CXX_LANGUAGE_STANDARD = "gnu++0x";
				CLANG_CXX_LIBRARY = "libc++";
				CLANG_ENABLE_MODULES = YES;
				CLANG_ENABLE_OBJC_ARC = YES;
				CLANG_WARN_BOOL_CONVERSION = YES;
				CLANG_WARN_CONSTANT_CONVERSION = YES;
				CLANG_WARN_DIRECT_OBJC_ISA_USAGE = YES_ERROR;
				CLANG_WARN_DOCUMENTATION_COMMENTS = YES;
				CLANG_WARN_EMPTY_BODY = YES;
				CLANG_WARN_ENUM_CONVERSION = YES;
				CLANG_WARN_INFINITE_RECURSION = YES;
				CLANG_WARN_INT_CONVERSION = YES;
				CLANG_WARN_OBJC_ROOT_CLASS = YES_ERROR;
				CLANG_WARN_SUSPICIOUS_MOVE = YES;
				CLANG_WARN_UNREACHABLE_CODE = YES;
				CLANG_WARN__DUPLICATE_METHOD_MATCH = YES;
				"CODE_SIGN_IDENTITY[sdk=iphoneos*]" = "iPhone Developer";
				COPY_PHASE_STRIP = NO;
				DEBUG_INFORMATION_FORMAT = dwarf;
				ENABLE_STRICT_OBJC_MSGSEND = YES;
				ENABLE_TESTABILITY = YES;
				GCC_C_LANGUAGE_STANDARD = gnu99;
				GCC_DYNAMIC_NO_PIC = NO;
				GCC_NO_COMMON_BLOCKS = YES;
				GCC_OPTIMIZATION_LEVEL = 0;
				GCC_PREPROCESSOR_DEFINITIONS = (
					"DEBUG=1",
					"$(inherited)",
				);
				GCC_WARN_64_TO_32_BIT_CONVERSION = YES;
				GCC_WARN_ABOUT_RETURN_TYPE = YES_ERROR;
				GCC_WARN_UNDECLARED_SELECTOR = YES;
				GCC_WARN_UNINITIALIZED_AUTOS = YES_AGGRESSIVE;
				GCC_WARN_UNUSED_FUNCTION = YES;
				GCC_WARN_UNUSED_VARIABLE = YES;
				IPHONEOS_DEPLOYMENT_TARGET = 10.3;
				MTL_ENABLE_DEBUG_INFO = YES;
				ONLY_ACTIVE_ARCH = YES;
				SDKROOT = iphoneos;
				SWIFT_ACTIVE_COMPILATION_CONDITIONS = DEBUG;
				SWIFT_OPTIMIZATION_LEVEL = "-Onone";
			};
			name = Debug;
		};
		81EE02AE1EFBC3BA00E26E55 /* Release */ = {
			isa = XCBuildConfiguration;
			buildSettings = {
				ALWAYS_SEARCH_USER_PATHS = NO;
				CLANG_ANALYZER_NONNULL = YES;
				CLANG_ANALYZER_NUMBER_OBJECT_CONVERSION = YES_AGGRESSIVE;
				CLANG_CXX_LANGUAGE_STANDARD = "gnu++0x";
				CLANG_CXX_LIBRARY = "libc++";
				CLANG_ENABLE_MODULES = YES;
				CLANG_ENABLE_OBJC_ARC = YES;
				CLANG_WARN_BOOL_CONVERSION = YES;
				CLANG_WARN_CONSTANT_CONVERSION = YES;
				CLANG_WARN_DIRECT_OBJC_ISA_USAGE = YES_ERROR;
				CLANG_WARN_DOCUMENTATION_COMMENTS = YES;
				CLANG_WARN_EMPTY_BODY = YES;
				CLANG_WARN_ENUM_CONVERSION = YES;
				CLANG_WARN_INFINITE_RECURSION = YES;
				CLANG_WARN_INT_CONVERSION = YES;
				CLANG_WARN_OBJC_ROOT_CLASS = YES_ERROR;
				CLANG_WARN_SUSPICIOUS_MOVE = YES;
				CLANG_WARN_UNREACHABLE_CODE = YES;
				CLANG_WARN__DUPLICATE_METHOD_MATCH = YES;
				"CODE_SIGN_IDENTITY[sdk=iphoneos*]" = "iPhone Developer";
				COPY_PHASE_STRIP = NO;
				DEBUG_INFORMATION_FORMAT = "dwarf-with-dsym";
				ENABLE_NS_ASSERTIONS = NO;
				ENABLE_STRICT_OBJC_MSGSEND = YES;
				GCC_C_LANGUAGE_STANDARD = gnu99;
				GCC_NO_COMMON_BLOCKS = YES;
				GCC_WARN_64_TO_32_BIT_CONVERSION = YES;
				GCC_WARN_ABOUT_RETURN_TYPE = YES_ERROR;
				GCC_WARN_UNDECLARED_SELECTOR = YES;
				GCC_WARN_UNINITIALIZED_AUTOS = YES_AGGRESSIVE;
				GCC_WARN_UNUSED_FUNCTION = YES;
				GCC_WARN_UNUSED_VARIABLE = YES;
				IPHONEOS_DEPLOYMENT_TARGET = 10.3;
				MTL_ENABLE_DEBUG_INFO = NO;
				SDKROOT = iphoneos;
				SWIFT_OPTIMIZATION_LEVEL = "-Owholemodule";
				VALIDATE_PRODUCT = YES;
			};
			name = Release;
		};
		81EE02B01EFBC3BA00E26E55 /* Debug */ = {
			isa = XCBuildConfiguration;
			buildSettings = {
				ASSETCATALOG_COMPILER_APPICON_NAME = AppIcon;
				ASSETCATALOG_COMPILER_LAUNCHIMAGE_NAME = LaunchImage;
				INFOPLIST_FILE = SimpleSinaWebo/Info.plist;
				LD_RUNPATH_SEARCH_PATHS = "$(inherited) @executable_path/Frameworks";
				PRODUCT_BUNDLE_IDENTIFIER = simple.com.SimpleSinaWebo;
				PRODUCT_NAME = "$(TARGET_NAME)";
				SWIFT_OBJC_BRIDGING_HEADER = "SimpleSinaWebo/Webo-Bridge.h";
				SWIFT_VERSION = 3.0;
			};
			name = Debug;
		};
		81EE02B11EFBC3BA00E26E55 /* Release */ = {
			isa = XCBuildConfiguration;
			buildSettings = {
				ASSETCATALOG_COMPILER_APPICON_NAME = AppIcon;
				ASSETCATALOG_COMPILER_LAUNCHIMAGE_NAME = LaunchImage;
				INFOPLIST_FILE = SimpleSinaWebo/Info.plist;
				LD_RUNPATH_SEARCH_PATHS = "$(inherited) @executable_path/Frameworks";
				PRODUCT_BUNDLE_IDENTIFIER = simple.com.SimpleSinaWebo;
				PRODUCT_NAME = "$(TARGET_NAME)";
				SWIFT_OBJC_BRIDGING_HEADER = "SimpleSinaWebo/Webo-Bridge.h";
				SWIFT_VERSION = 3.0;
			};
			name = Release;
		};
/* End XCBuildConfiguration section */

/* Begin XCConfigurationList section */
		81EE02981EFBC3BA00E26E55 /* Build configuration list for PBXProject "SimpleSinaWebo" */ = {
			isa = XCConfigurationList;
			buildConfigurations = (
				81EE02AD1EFBC3BA00E26E55 /* Debug */,
				81EE02AE1EFBC3BA00E26E55 /* Release */,
			);
			defaultConfigurationIsVisible = 0;
			defaultConfigurationName = Release;
		};
		81EE02AF1EFBC3BA00E26E55 /* Build configuration list for PBXNativeTarget "SimpleSinaWebo" */ = {
			isa = XCConfigurationList;
			buildConfigurations = (
				81EE02B01EFBC3BA00E26E55 /* Debug */,
				81EE02B11EFBC3BA00E26E55 /* Release */,
			);
			defaultConfigurationIsVisible = 0;
			defaultConfigurationName = Release;
		};
/* End XCConfigurationList section */
	};
	rootObject = 81EE02951EFBC3BA00E26E55 /* Project object */;
}
